
Microsoft Visual Studio Solution File, Format Version 12.00
# Visual Studio Version 17
VisualStudioVersion = 17.8.34330.188
MinimumVisualStudioVersion = 10.0.40219.1
Project("{FAE04EC0-301F-11D3-BF4B-00C04F79EFBC}") = "Litbase", "DiplomBackApi\Litbase.csproj", "{553FA2D3-FDC3-42C3-A9BB-086C1A9D7F60}"
EndProject
Project("{FAE04EC0-301F-11D3-BF4B-00C04F79EFBC}") = "Litbase.Tests", "Litbase.Tests\Litbase.Tests.csproj", "{47BC0EAB-342D-4F06-ABE6-B8A57CC70576}"
EndProject
Global
	GlobalSection(SolutionConfigurationPlatforms) = preSolution
		Debug|Any CPU = Debug|Any CPU
		Release|Any CPU = Release|Any CPU
	EndGlobalSection
	GlobalSection(ProjectConfigurationPlatforms) = postSolution
		{553FA2D3-FDC3-42C3-A9BB-086C1A9D7F60}.Debug|Any CPU.ActiveCfg = Debug|Any CPU
		{553FA2D3-FDC3-42C3-A9BB-086C1A9D7F60}.Debug|Any CPU.Build.0 = Debug|Any CPU
		{553FA2D3-FDC3-42C3-A9BB-086C1A9D7F60}.Release|Any CPU.ActiveCfg = Release|Any CPU
		{553FA2D3-FDC3-42C3-A9BB-086C1A9D7F60}.Release|Any CPU.Build.0 = Release|Any CPU
		{47BC0EAB-342D-4F06-ABE6-B8A57CC70576}.Debug|Any CPU.ActiveCfg = Debug|Any CPU
		{47BC0EAB-342D-4F06-ABE6-B8A57CC70576}.Debug|Any CPU.Build.0 = Debug|Any CPU
		{47BC0EAB-342D-4F06-ABE6-B8A57CC70576}.Release|Any CPU.ActiveCfg = Release|Any CPU
		{47BC0EAB-342D-4F06-ABE6-B8A57CC70576}.Release|Any CPU.Build.0 = Release|Any CPU
	EndGlobalSection
	GlobalSection(SolutionProperties) = preSolution
		HideSolutionNode = FALSE
	EndGlobalSection
	GlobalSection(ExtensibilityGlobals) = postSolution
		SolutionGuid = {BA7EBA8C-011A-4CE6-AE09-5CE4327F0255}
	EndGlobalSection
EndGlobal
